{
  "name": "demoserver",
  "version": "0.1.0",
  "lockfileVersion": 1,
  "dependencies": {
    "accepts": {
      "version": "1.3.3",
      "resolved": "http://npm.e-ports.com/accepts/-/accepts-1.3.3.tgz",
      "integrity": "sha1-w8p0NJOGSMPg2cHjKN1otiLChMo="
    },
    "any-promise": {
      "version": "1.3.0",
      "resolved": "http://npm.e-ports.com/any-promise/-/any-promise-1.3.0.tgz",
      "integrity": "sha1-q8av7tzqUugJzcA3au0845Y10X8="
    },
    "bignumber.js": {
      "version": "4.0.2",
      "resolved": "http://npm.e-ports.com/bignumber.js/-/bignumber.js-4.0.2.tgz",
      "integrity": "sha1-LR3DfuWWiGfs6pC22k0W5oYI0h0="
    },
    "bytes": {
      "version": "2.5.0",
      "resolved": "http://npm.e-ports.com/bytes/-/bytes-2.5.0.tgz",
      "integrity": "sha1-TJQj6i0lLCcMQbK97+/5u2tiwGo="
    },
    "co": {
      "version": "4.6.0",
      "resolved": "http://npm.e-ports.com/co/-/co-4.6.0.tgz",
      "integrity": "sha1-bqa989hTrlTMuOR7+gvz+QMfsYQ="
    },
    "co-body": {
      "version": "5.1.1",
      "resolved": "http://npm.e-ports.com/co-body/-/co-body-5.1.1.tgz",
      "integrity": "sha1-2XeB0eM0S6SoIP0YBr3fg0FQUjY="
    },
    "content-disposition": {
      "version": "0.5.2",
      "resolved": "http://npm.e-ports.com/content-disposition/-/content-disposition-0.5.2.tgz",
      "integrity": "sha1-DPaLud318r55YcOoUXjLhdunjLQ="
    },
    "content-type": {
      "version": "1.0.2",
      "resolved": "http://npm.e-ports.com/content-type/-/content-type-1.0.2.tgz",
      "integrity": "sha1-t9ETrueo3Se9IRM8TcJSnfFyHu0="
    },
    "cookies": {
      "version": "0.7.0",
      "resolved": "http://npm.e-ports.com/cookies/-/cookies-0.7.0.tgz",
      "integrity": "sha1-C8lh2RDDUlSYD8fJ7/XaEgEbvwA="
    },
    "copy-to": {
      "version": "2.0.1",
      "resolved": "http://npm.e-ports.com/copy-to/-/copy-to-2.0.1.tgz",
      "integrity": "sha1-JoD7uAaKSNCGVrYJgJK9r8kG9KU="
    },
    "core-util-is": {
      "version": "1.0.2",
      "resolved": "http://npm.e-ports.com/core-util-is/-/core-util-is-1.0.2.tgz",
      "integrity": "sha1-tf1UIgqivFq1eqtxQMlAdUUDwac="
    },
    "crc": {
      "version": "3.4.4",
      "resolved": "http://npm.e-ports.com/crc/-/crc-3.4.4.tgz",
      "integrity": "sha1-naHpgOO9RPxck79as9ozeNheRms="
    },
    "debug": {
      "version": "3.0.0",
      "resolved": "http://npm.e-ports.com/debug/-/debug-3.0.0.tgz",
      "integrity": "sha512-XQkHxxqbsCb+zFurCHbotmJZl5jXsxvkRt952pT6Hpo7LmjWAJF12d9/kqBg5owjbLADbBDli1olravjSiSg8g=="
    },
    "deep-equal": {
      "version": "1.0.1",
      "resolved": "http://npm.e-ports.com/deep-equal/-/deep-equal-1.0.1.tgz",
      "integrity": "sha1-9dJgKStmDghO/0zbyfCK0yR0SLU="
    },
    "delegates": {
      "version": "1.0.0",
      "resolved": "http://npm.e-ports.com/delegates/-/delegates-1.0.0.tgz",
      "integrity": "sha1-hMbhWbgZBP3KWaDvRM2HDTElD5o="
    },
    "depd": {
      "version": "1.1.1",
      "resolved": "http://npm.e-ports.com/depd/-/depd-1.1.1.tgz",
      "integrity": "sha1-V4O04cRZ8G+lyif5kfPQbnoxA1k="
    },
    "destroy": {
      "version": "1.0.4",
      "resolved": "http://npm.e-ports.com/destroy/-/destroy-1.0.4.tgz",
      "integrity": "sha1-l4hXRCxEdJ5CBmE+N5RiBYJqvYA="
    },
    "ee-first": {
      "version": "1.1.1",
      "resolved": "http://npm.e-ports.com/ee-first/-/ee-first-1.1.1.tgz",
      "integrity": "sha1-WQxhFWsK4vTwJVcyoViyZrxWsh0="
    },
    "error-inject": {
      "version": "1.0.0",
      "resolved": "http://npm.e-ports.com/error-inject/-/error-inject-1.0.0.tgz",
      "integrity": "sha1-4rPZG1Su1nLzCdlQ0VSFD6EdTzc="
    },
    "escape-html": {
      "version": "1.0.3",
      "resolved": "http://npm.e-ports.com/escape-html/-/escape-html-1.0.3.tgz",
      "integrity": "sha1-Aljq5NPQwJdN4cFpGI7wBR0dGYg="
    },
    "fresh": {
      "version": "0.5.0",
      "resolved": "http://npm.e-ports.com/fresh/-/fresh-0.5.0.tgz",
      "integrity": "sha1-9HTKXmqSRtb9jglTz6m5yAWvp44="
    },
    "http-assert": {
      "version": "1.3.0",
      "resolved": "http://npm.e-ports.com/http-assert/-/http-assert-1.3.0.tgz",
      "integrity": "sha1-oxpc+IyHPsu1eWkH1NbxMujAHko="
    },
    "http-errors": {
      "version": "1.6.2",
      "resolved": "http://npm.e-ports.com/http-errors/-/http-errors-1.6.2.tgz",
      "integrity": "sha1-CgAsyFcHGSp+eUbO7cERVfYOxzY="
    },
    "iconv-lite": {
      "version": "0.4.18",
      "resolved": "http://npm.e-ports.com/iconv-lite/-/iconv-lite-0.4.18.tgz",
      "integrity": "sha512-sr1ZQph3UwHTR0XftSbK85OvBbxe/abLGzEnPENCQwmHf7sck8Oyu4ob3LgBxWWxRoM+QszeUyl7jbqapu2TqA=="
    },
    "inflation": {
      "version": "2.0.0",
      "resolved": "http://npm.e-ports.com/inflation/-/inflation-2.0.0.tgz",
      "integrity": "sha1-i0F+R8KPklpFEz2RTKH9OJEH8w8="
    },
    "inherits": {
      "version": "2.0.3",
      "resolved": "http://npm.e-ports.com/inherits/-/inherits-2.0.3.tgz",
      "integrity": "sha1-Yzwsg+PaQqUC9SRmAiSA9CCCYd4="
    },
    "is-class": {
      "version": "0.0.4",
      "resolved": "http://npm.e-ports.com/is-class/-/is-class-0.0.4.tgz",
      "integrity": "sha1-4FdFFwW7NOOePjNZjJOpg3KWtzY="
    },
    "is-generator-function": {
      "version": "1.0.6",
      "resolved": "http://npm.e-ports.com/is-generator-function/-/is-generator-function-1.0.6.tgz",
      "integrity": "sha1-nnFlPNFf/zQcecQVFGChMdMen8Q="
    },
    "is-type-of": {
      "version": "1.2.0",
      "resolved": "http://npm.e-ports.com/is-type-of/-/is-type-of-1.2.0.tgz",
      "integrity": "sha512-10ezBXuEDp3Fp/jPCaVd4hSrAEj2lPyr1LT7+cWi9HCLd15wbh9X8dJfTDB+ZgkZSCGTG2TF6f61ugI5mSlhDA=="
    },
    "isarray": {
      "version": "1.0.0",
      "resolved": "http://npm.e-ports.com/isarray/-/isarray-1.0.0.tgz",
      "integrity": "sha1-u5NdSFgsuhaMBoNJV6VKPgcSTxE="
    },
    "isstream": {
      "version": "0.1.2",
      "resolved": "http://npm.e-ports.com/isstream/-/isstream-0.1.2.tgz",
      "integrity": "sha1-R+Y/evVa+m+S4VAOaQ64uFKcCZo="
    },
    "keygrip": {
      "version": "1.0.1",
      "resolved": "http://npm.e-ports.com/keygrip/-/keygrip-1.0.1.tgz",
      "integrity": "sha1-sC+kgW7vIajEs1yp5Skh/8iaMOk="
    },
    "koa": {
      "version": "2.3.0",
      "resolved": "http://npm.e-ports.com/koa/-/koa-2.3.0.tgz",
      "integrity": "sha1-nh6OTaQBg5xXuFJ+rcV/dhJ1Vac="
    },
    "koa-bodyparser": {
      "version": "4.2.0",
      "resolved": "http://npm.e-ports.com/koa-bodyparser/-/koa-bodyparser-4.2.0.tgz",
      "integrity": "sha1-vObgi8Zfhwm20fqpQRx/DYk4qlQ="
    },
    "koa-compose": {
      "version": "4.0.0",
      "resolved": "http://npm.e-ports.com/koa-compose/-/koa-compose-4.0.0.tgz",
      "integrity": "sha1-KAClE9nDYe8NY4UrA45Pby1adzw="
    },
    "koa-convert": {
      "version": "1.2.0",
      "resolved": "http://npm.e-ports.com/koa-convert/-/koa-convert-1.2.0.tgz",
      "integrity": "sha1-2kCHXfSd4FOQmNFwC1CCDOvNIdA=",
      "dependencies": {
        "koa-compose": {
          "version": "3.2.1",
          "resolved": "http://npm.e-ports.com/koa-compose/-/koa-compose-3.2.1.tgz",
          "integrity": "sha1-qFzLQLfZhtjlo0Wzoazo6rz1Tec="
        }
      }
    },
    "koa-is-json": {
      "version": "1.0.0",
      "resolved": "http://npm.e-ports.com/koa-is-json/-/koa-is-json-1.0.0.tgz",
      "integrity": "sha1-JzwH7c3Ljfaiwat9We52SRRR7BQ="
    },
    "koa-route": {
      "version": "3.2.0",
      "resolved": "http://npm.e-ports.com/koa-route/-/koa-route-3.2.0.tgz",
      "integrity": "sha1-dimLmaa8+p44yrb+XHmocz51i84="
    },
    "koa-session": {
      "version": "5.5.0",
      "resolved": "http://npm.e-ports.com/koa-session/-/koa-session-5.5.0.tgz",
      "integrity": "sha512-+f5YY137wuu4RtSaalWJdUYd80S1v79uWcecIRGLKVtljTuv6fFzPlvTmWl1V0MaSin8rEXP9urgbIVQEN/YVA==",
      "dependencies": {
        "debug": {
          "version": "2.6.8",
          "resolved": "http://npm.e-ports.com/debug/-/debug-2.6.8.tgz",
          "integrity": "sha1-5zFTHKLt4n0YgiJCfaF4IdaP9Pw="
        }
      }
    },
    "media-typer": {
      "version": "0.3.0",
      "resolved": "http://npm.e-ports.com/media-typer/-/media-typer-0.3.0.tgz",
      "integrity": "sha1-hxDXrwqmJvj/+hzgAWhUUmMlV0g="
    },
    "methods": {
      "version": "1.1.2",
      "resolved": "http://npm.e-ports.com/methods/-/methods-1.1.2.tgz",
      "integrity": "sha1-VSmk1nZUE07cxSZmVoNbD4Ua/O4="
    },
    "mime-db": {
      "version": "1.29.0",
      "resolved": "http://npm.e-ports.com/mime-db/-/mime-db-1.29.0.tgz",
      "integrity": "sha1-SNJtI1WJZRcErFkWygYAGRQmaHg="
    },
    "mime-types": {
      "version": "2.1.16",
      "resolved": "http://npm.e-ports.com/mime-types/-/mime-types-2.1.16.tgz",
      "integrity": "sha1-K4WKUuXs1RbbiXrCvodIeDBpjiM="
    },
    "ms": {
      "version": "2.0.0",
      "resolved": "http://npm.e-ports.com/ms/-/ms-2.0.0.tgz",
      "integrity": "sha1-VgiurfwAvmwpAd9fmGF4jeDVl8g="
    },
    "mysql": {
      "version": "2.14.1",
      "resolved": "http://npm.e-ports.com/mysql/-/mysql-2.14.1.tgz",
      "integrity": "sha512-ZPXqQeYH7L1QPDyC77Rcp32cNCQnNjz8Y4BbF17tOjm5yhSfjFa3xS4PvuxWJtEEmwVc4ccI7sSntj4eyYRq0A=="
    },
    "negotiator": {
      "version": "0.6.1",
      "resolved": "http://npm.e-ports.com/negotiator/-/negotiator-0.6.1.tgz",
      "integrity": "sha1-KzJxhOiZIQEXeyhWP7XnECrNDKk="
    },
    "on-finished": {
      "version": "2.3.0",
      "resolved": "http://npm.e-ports.com/on-finished/-/on-finished-2.3.0.tgz",
      "integrity": "sha1-IPEzZIGwg811M3mSoWlxqi2QaUc="
    },
    "only": {
      "version": "0.0.2",
      "resolved": "http://npm.e-ports.com/only/-/only-0.0.2.tgz",
      "integrity": "sha1-Kv3oTQPlC5qO3EROMGEKcCle37Q="
    },
    "parseurl": {
      "version": "1.3.1",
      "resolved": "http://npm.e-ports.com/parseurl/-/parseurl-1.3.1.tgz",
      "integrity": "sha1-yKuMkiO6NIiKpkopeyiFO+wY2lY="
    },
    "path-to-regexp": {
      "version": "1.7.0",
      "resolved": "http://npm.e-ports.com/path-to-regexp/-/path-to-regexp-1.7.0.tgz",
      "integrity": "sha1-Wf3g9DW62suhA6hOnTvGTpa5k30=",
      "dependencies": {
        "isarray": {
          "version": "0.0.1",
          "resolved": "http://npm.e-ports.com/isarray/-/isarray-0.0.1.tgz",
          "integrity": "sha1-ihis/Kmo9Bd+Cav8YDiTmwXR7t8="
        }
      }
    },
    "process-nextick-args": {
      "version": "1.0.7",
      "resolved": "http://npm.e-ports.com/process-nextick-args/-/process-nextick-args-1.0.7.tgz",
      "integrity": "sha1-FQ4gt1ZZCtP5EJPyWk8q2L/zC6M="
    },
    "qs": {
      "version": "6.5.0",
      "resolved": "http://npm.e-ports.com/qs/-/qs-6.5.0.tgz",
      "integrity": "sha512-fjVFjW9yhqMhVGwRExCXLhJKrLlkYSaxNWdyc9rmHlrVZbk35YHH312dFd7191uQeXkI3mKLZTIbSvIeFwFemg=="
    },
    "random-bytes": {
      "version": "1.0.0",
      "resolved": "http://npm.e-ports.com/random-bytes/-/random-bytes-1.0.0.tgz",
      "integrity": "sha1-T2ih3Arli9P7lYSMMDJNt11kNgs="
    },
    "raw-body": {
      "version": "2.3.0",
      "resolved": "http://npm.e-ports.com/raw-body/-/raw-body-2.3.0.tgz",
      "integrity": "sha1-95zhrKyrpbY2LTNFTXhdcSn0vGc=",
      "dependencies": {
        "depd": {
          "version": "1.1.0",
          "resolved": "http://npm.e-ports.com/depd/-/depd-1.1.0.tgz",
          "integrity": "sha1-4b2Cxqq2ztlluXuIsX7T5SjKGMM="
        },
        "http-errors": {
          "version": "1.6.1",
          "resolved": "http://npm.e-ports.com/http-errors/-/http-errors-1.6.1.tgz",
          "integrity": "sha1-X4uO2YrKVFZWv1cplzh/kEpyIlc="
        }
      }
    },
    "readable-stream": {
      "version": "2.3.3",
      "resolved": "http://npm.e-ports.com/readable-stream/-/readable-stream-2.3.3.tgz",
      "integrity": "sha512-m+qzzcn7KUxEmd1gMbchF+Y2eIUbieUaxkWtptyHywrX0rE8QEYqPC07Vuy4Wm32/xE16NcdBctb8S0Xe/5IeQ=="
    },
    "safe-buffer": {
      "version": "5.1.1",
      "resolved": "http://npm.e-ports.com/safe-buffer/-/safe-buffer-5.1.1.tgz",
      "integrity": "sha512-kKvNJn6Mm93gAczWVJg7wH+wGYWNrDHdWvpUmHyEsgCtIwwo3bqPtV4tR5tuPaUhTOo/kvhVwd8XwwOllGYkbg=="
    },
    "setprototypeof": {
      "version": "1.0.3",
      "resolved": "http://npm.e-ports.com/setprototypeof/-/setprototypeof-1.0.3.tgz",
      "integrity": "sha1-ZlZ+NwQ+608E2RvWWMDL77VbjgQ="
    },
    "sqlstring": {
      "version": "2.2.0",
      "resolved": "http://npm.e-ports.com/sqlstring/-/sqlstring-2.2.0.tgz",
      "integrity": "sha1-wxNcTqirzX5+50GklmqJHYak8ZE="
    },
    "statuses": {
      "version": "1.3.1",
      "resolved": "http://npm.e-ports.com/statuses/-/statuses-1.3.1.tgz",
      "integrity": "sha1-+vUbnrdKrvOzrPStX2Gr8ky3uT4="
    },
    "string_decoder": {
      "version": "1.0.3",
      "resolved": "http://npm.e-ports.com/string_decoder/-/string_decoder-1.0.3.tgz",
      "integrity": "sha512-4AH6Z5fzNNBcH+6XDMfA/BTt87skxqJlO0lAh3Dker5zThcAxG6mKz+iGu308UKoPPQ8Dcqx/4JhujzltRa+hQ=="
    },
    "type-is": {
      "version": "1.6.15",
      "resolved": "http://npm.e-ports.com/type-is/-/type-is-1.6.15.tgz",
      "integrity": "sha1-yrEPtJCeRByChC6v4a1kbIGARBA="
    },
    "uid-safe": {
      "version": "2.1.5",
      "resolved": "http://npm.e-ports.com/uid-safe/-/uid-safe-2.1.5.tgz",
      "integrity": "sha512-KPHm4VL5dDXKz01UuEd88Df+KzynaohSL9fBh096KWAxSKZQDI2uBrVqtvRM4rwrIrRRKsdLNML/lnaaVSRioA=="
    },
    "unpipe": {
      "version": "1.0.0",
      "resolved": "http://npm.e-ports.com/unpipe/-/unpipe-1.0.0.tgz",
      "integrity": "sha1-sr9O6FFKrmFltIF4KdIbLvSZBOw="
    },
    "util-deprecate": {
      "version": "1.0.2",
      "resolved": "http://npm.e-ports.com/util-deprecate/-/util-deprecate-1.0.2.tgz",
      "integrity": "sha1-RQ1Nyfpw3nMnYvvS1KKJgUGaDM8="
    },
    "vary": {
      "version": "1.1.1",
      "resolved": "http://npm.e-ports.com/vary/-/vary-1.1.1.tgz",
      "integrity": "sha1-Z1Neu2lMHVIldFeYRmUyP1h+jTc="
    }
  }
}
